
Microsoft Visual Studio Solution File, Format Version 12.00
# Visual Studio 2015
Project("{FAE04EC0-301F-11D3-BF4B-00C04F79EFBC}") = "XboxKinect_V2.CSharp.Plugins", "XboxKinect_V2.CSharp.Plugins.csproj", "{10360C33-EFDE-1789-E5F6-2928CE872A73}"
EndProject
Project("{FAE04EC0-301F-11D3-BF4B-00C04F79EFBC}") = "XboxKinect_V2.CSharp", "XboxKinect_V2.CSharp.csproj", "{53E8A299-515C-073F-688E-22C21BD1C3BB}"
EndProject
Project("{FAE04EC0-301F-11D3-BF4B-00C04F79EFBC}") = "XboxKinect_V2.CSharp.Editor.Plugins", "XboxKinect_V2.CSharp.Editor.Plugins.csproj", "{7AD45438-9CD0-A8D1-A210-77F52A58FD1A}"
EndProject
Global
	GlobalSection(SolutionConfigurationPlatforms) = preSolution
		Debug|Any CPU = Debug|Any CPU
		Release|Any CPU = Release|Any CPU
	EndGlobalSection
	GlobalSection(ProjectConfigurationPlatforms) = postSolution
		{10360C33-EFDE-1789-E5F6-2928CE872A73}.Debug|Any CPU.ActiveCfg = Debug|Any CPU
		{10360C33-EFDE-1789-E5F6-2928CE872A73}.Debug|Any CPU.Build.0 = Debug|Any CPU
		{10360C33-EFDE-1789-E5F6-2928CE872A73}.Release|Any CPU.ActiveCfg = Release|Any CPU
		{10360C33-EFDE-1789-E5F6-2928CE872A73}.Release|Any CPU.Build.0 = Release|Any CPU
		{53E8A299-515C-073F-688E-22C21BD1C3BB}.Debug|Any CPU.ActiveCfg = Debug|Any CPU
		{53E8A299-515C-073F-688E-22C21BD1C3BB}.Debug|Any CPU.Build.0 = Debug|Any CPU
		{53E8A299-515C-073F-688E-22C21BD1C3BB}.Release|Any CPU.ActiveCfg = Release|Any CPU
		{53E8A299-515C-073F-688E-22C21BD1C3BB}.Release|Any CPU.Build.0 = Release|Any CPU
		{7AD45438-9CD0-A8D1-A210-77F52A58FD1A}.Debug|Any CPU.ActiveCfg = Debug|Any CPU
		{7AD45438-9CD0-A8D1-A210-77F52A58FD1A}.Debug|Any CPU.Build.0 = Debug|Any CPU
		{7AD45438-9CD0-A8D1-A210-77F52A58FD1A}.Release|Any CPU.ActiveCfg = Release|Any CPU
		{7AD45438-9CD0-A8D1-A210-77F52A58FD1A}.Release|Any CPU.Build.0 = Release|Any CPU
	EndGlobalSection
	GlobalSection(SolutionProperties) = preSolution
		HideSolutionNode = FALSE
	EndGlobalSection
EndGlobal
