
Microsoft Visual Studio Solution File, Format Version 12.00
# Visual Studio 2015
Project("{FAE04EC0-301F-11D3-BF4B-00C04F79EFBC}") = "XboxKinect_V3.CSharp.Plugins", "XboxKinect_V3.CSharp.Plugins.csproj", "{114343C1-1F65-EDC3-6C51-04C9EB182AEB}"
EndProject
Project("{FAE04EC0-301F-11D3-BF4B-00C04F79EFBC}") = "XboxKinect_V3.CSharp", "XboxKinect_V3.CSharp.csproj", "{C1AADA92-CB72-135C-4706-D9BD57F80854}"
EndProject
Project("{FAE04EC0-301F-11D3-BF4B-00C04F79EFBC}") = "XboxKinect_V3.CSharp.Editor.Plugins", "XboxKinect_V3.CSharp.Editor.Plugins.csproj", "{501B3ED6-43E7-B728-6B67-36B6D7B22B93}"
EndProject
Global
	GlobalSection(SolutionConfigurationPlatforms) = preSolution
		Debug|Any CPU = Debug|Any CPU
		Release|Any CPU = Release|Any CPU
	EndGlobalSection
	GlobalSection(ProjectConfigurationPlatforms) = postSolution
		{114343C1-1F65-EDC3-6C51-04C9EB182AEB}.Debug|Any CPU.ActiveCfg = Debug|Any CPU
		{114343C1-1F65-EDC3-6C51-04C9EB182AEB}.Debug|Any CPU.Build.0 = Debug|Any CPU
		{114343C1-1F65-EDC3-6C51-04C9EB182AEB}.Release|Any CPU.ActiveCfg = Release|Any CPU
		{114343C1-1F65-EDC3-6C51-04C9EB182AEB}.Release|Any CPU.Build.0 = Release|Any CPU
		{C1AADA92-CB72-135C-4706-D9BD57F80854}.Debug|Any CPU.ActiveCfg = Debug|Any CPU
		{C1AADA92-CB72-135C-4706-D9BD57F80854}.Debug|Any CPU.Build.0 = Debug|Any CPU
		{C1AADA92-CB72-135C-4706-D9BD57F80854}.Release|Any CPU.ActiveCfg = Release|Any CPU
		{C1AADA92-CB72-135C-4706-D9BD57F80854}.Release|Any CPU.Build.0 = Release|Any CPU
		{501B3ED6-43E7-B728-6B67-36B6D7B22B93}.Debug|Any CPU.ActiveCfg = Debug|Any CPU
		{501B3ED6-43E7-B728-6B67-36B6D7B22B93}.Debug|Any CPU.Build.0 = Debug|Any CPU
		{501B3ED6-43E7-B728-6B67-36B6D7B22B93}.Release|Any CPU.ActiveCfg = Release|Any CPU
		{501B3ED6-43E7-B728-6B67-36B6D7B22B93}.Release|Any CPU.Build.0 = Release|Any CPU
	EndGlobalSection
	GlobalSection(SolutionProperties) = preSolution
		HideSolutionNode = FALSE
	EndGlobalSection
EndGlobal
