
Microsoft Visual Studio Solution File, Format Version 12.00
# Visual Studio 2015
Project("{FAE04EC0-301F-11D3-BF4B-00C04F79EFBC}") = "XboxKinect.CSharp.Plugins", "XboxKinect.CSharp.Plugins.csproj", "{A180F188-B27F-815E-4FAC-19D05B1C109F}"
EndProject
Project("{FAE04EC0-301F-11D3-BF4B-00C04F79EFBC}") = "XboxKinect.CSharp", "XboxKinect.CSharp.csproj", "{2862AB0F-4BAC-095E-6149-7C2C3D62FC0C}"
EndProject
Project("{FAE04EC0-301F-11D3-BF4B-00C04F79EFBC}") = "XboxKinect.CSharp.Editor.Plugins", "XboxKinect.CSharp.Editor.Plugins.csproj", "{0AE70083-EF29-27F5-77C8-8D72C71A29B0}"
EndProject
Global
	GlobalSection(SolutionConfigurationPlatforms) = preSolution
		Debug|Any CPU = Debug|Any CPU
		Release|Any CPU = Release|Any CPU
	EndGlobalSection
	GlobalSection(ProjectConfigurationPlatforms) = postSolution
		{A180F188-B27F-815E-4FAC-19D05B1C109F}.Debug|Any CPU.ActiveCfg = Debug|Any CPU
		{A180F188-B27F-815E-4FAC-19D05B1C109F}.Debug|Any CPU.Build.0 = Debug|Any CPU
		{A180F188-B27F-815E-4FAC-19D05B1C109F}.Release|Any CPU.ActiveCfg = Release|Any CPU
		{A180F188-B27F-815E-4FAC-19D05B1C109F}.Release|Any CPU.Build.0 = Release|Any CPU
		{2862AB0F-4BAC-095E-6149-7C2C3D62FC0C}.Debug|Any CPU.ActiveCfg = Debug|Any CPU
		{2862AB0F-4BAC-095E-6149-7C2C3D62FC0C}.Debug|Any CPU.Build.0 = Debug|Any CPU
		{2862AB0F-4BAC-095E-6149-7C2C3D62FC0C}.Release|Any CPU.ActiveCfg = Release|Any CPU
		{2862AB0F-4BAC-095E-6149-7C2C3D62FC0C}.Release|Any CPU.Build.0 = Release|Any CPU
		{0AE70083-EF29-27F5-77C8-8D72C71A29B0}.Debug|Any CPU.ActiveCfg = Debug|Any CPU
		{0AE70083-EF29-27F5-77C8-8D72C71A29B0}.Debug|Any CPU.Build.0 = Debug|Any CPU
		{0AE70083-EF29-27F5-77C8-8D72C71A29B0}.Release|Any CPU.ActiveCfg = Release|Any CPU
		{0AE70083-EF29-27F5-77C8-8D72C71A29B0}.Release|Any CPU.Build.0 = Release|Any CPU
	EndGlobalSection
	GlobalSection(SolutionProperties) = preSolution
		HideSolutionNode = FALSE
	EndGlobalSection
EndGlobal
